
Microsoft Visual Studio Solution File, Format Version 12.00
# Visual Studio Version 17
VisualStudioVersion = 17.5.33627.172
MinimumVisualStudioVersion = 10.0.40219.1
Project("{FAE04EC0-301F-11D3-BF4B-00C04F79EFBC}") = "Varaus", "Varaus\Varaus.csproj", "{7B344E73-A5AB-47B7-83F5-CC07EEEE9C9B}"
EndProject
Global
	GlobalSection(SolutionConfigurationPlatforms) = preSolution
		Debug|Any CPU = Debug|Any CPU
		Release|Any CPU = Release|Any CPU
	EndGlobalSection
	GlobalSection(ProjectConfigurationPlatforms) = postSolution
		{7B344E73-A5AB-47B7-83F5-CC07EEEE9C9B}.Debug|Any CPU.ActiveCfg = Debug|Any CPU
		{7B344E73-A5AB-47B7-83F5-CC07EEEE9C9B}.Debug|Any CPU.Build.0 = Debug|Any CPU
		{7B344E73-A5AB-47B7-83F5-CC07EEEE9C9B}.Release|Any CPU.ActiveCfg = Release|Any CPU
		{7B344E73-A5AB-47B7-83F5-CC07EEEE9C9B}.Release|Any CPU.Build.0 = Release|Any CPU
	EndGlobalSection
	GlobalSection(SolutionProperties) = preSolution
		HideSolutionNode = FALSE
	EndGlobalSection
	GlobalSection(ExtensibilityGlobals) = postSolution
		SolutionGuid = {96365665-745B-4A56-960E-EA1029374F98}
	EndGlobalSection
EndGlobal
